{
  "name": "Pingly",
  "lockfileVersion": 3,
  "requires": true,
  "packages": {
    "": {
      "dependencies": {
        "@fastify/helmet": "^13.1.1"
      }
    },
    "node_modules/@fastify/helmet": {
      "version": "13.1.1",
      "resolved": "https://registry.npmjs.org/@fastify/helmet/-/helmet-13.1.1.tgz",
      "integrity": "sha512-bSat5DTq8geASv8G6P0KW1UbltZ+xGD/zyd9S72pT7ogAHehcsWL85GdjMRCjDsExJvaEvgEZ52qU/2HXirVCw==",
      "funding": [
        {
          "type": "github",
          "url": "https://github.com/sponsors/fastify"
        },
        {
          "type": "opencollective",
          "url": "https://opencollective.com/fastify"
        }
      ],
      "license": "MIT",
      "dependencies": {
        "fastify-plugin": "^6.0.0",
        "helmet": "^8.0.0"
      }
    },
    "node_modules/fastify-plugin": {
      "version": "6.0.0",
      "resolved": "https://registry.npmjs.org/fastify-plugin/-/fastify-plugin-6.0.0.tgz",
      "integrity": "sha512-fZOty7z3O7vOliF6d8bHE3wiEh1KcNnKEQensSgTk9C1DvN6nRLS++XVd86v33Hw/8u9Un8A1zDrQ8ujcQDHEg==",
      "funding": [
        {
          "type": "github",
          "url": "https://github.com/sponsors/fastify"
        },
        {
          "type": "opencollective",
          "url": "https://opencollective.com/fastify"
        }
      ],
      "license": "MIT"
    },
    "node_modules/helmet": {
      "version": "8.3.0",
      "resolved": "https://registry.npmjs.org/helmet/-/helmet-8.3.0.tgz",
      "integrity": "sha512-Qgpiaws3Sm30Av8Eah6sjMCZZwjlBu+E68rhpCWBshY1lb09HtLwj5GviX0OyQIn+ulUS0iX0AxN5n3tLZzz1w==",
      "license": "MIT",
      "engines": {
        "node": ">=18.0.0"
      },
      "funding": {
        "url": "https://github.com/sponsors/EvanHahn"
      }
    }
  }
}
